
Microsoft Visual Studio Solution File, Format Version 12.00
# Visual Studio Version 16
VisualStudioVersion = 16.0.31911.196
MinimumVisualStudioVersion = 10.0.40219.1
Project("{2150E333-8FDC-42A3-9474-1A3956D46DE8}") = "test", "test", "{82F08F06-8514-4028-AF7A-20A7C49E8CCC}"
EndProject
Project("{2150E333-8FDC-42A3-9474-1A3956D46DE8}") = "src", "src", "{753EDCAA-CD6B-4447-997B-CB560591542C}"
EndProject
Project("{9A19103F-16F7-4668-BE54-9A1E7A4F7556}") = "AlatAssessment", "src\AlatAssessment.csproj", "{947EB2FC-5870-4180-9B1C-D3CC03DAB3C7}"
EndProject
Project("{FAE04EC0-301F-11D3-BF4B-00C04F79EFBC}") = "AlatAssessment.Test", "test\AlatAssessment.Test\AlatAssessment.Test.csproj", "{E43559CA-2499-413F-8EC8-0B4C5F2C0222}"
EndProject
Global
	GlobalSection(SolutionConfigurationPlatforms) = preSolution
		Debug|Any CPU = Debug|Any CPU
		Release|Any CPU = Release|Any CPU
	EndGlobalSection
	GlobalSection(ProjectConfigurationPlatforms) = postSolution
		{947EB2FC-5870-4180-9B1C-D3CC03DAB3C7}.Debug|Any CPU.ActiveCfg = Debug|Any CPU
		{947EB2FC-5870-4180-9B1C-D3CC03DAB3C7}.Debug|Any CPU.Build.0 = Debug|Any CPU
		{947EB2FC-5870-4180-9B1C-D3CC03DAB3C7}.Release|Any CPU.ActiveCfg = Release|Any CPU
		{947EB2FC-5870-4180-9B1C-D3CC03DAB3C7}.Release|Any CPU.Build.0 = Release|Any CPU
		{E43559CA-2499-413F-8EC8-0B4C5F2C0222}.Debug|Any CPU.ActiveCfg = Debug|Any CPU
		{E43559CA-2499-413F-8EC8-0B4C5F2C0222}.Debug|Any CPU.Build.0 = Debug|Any CPU
		{E43559CA-2499-413F-8EC8-0B4C5F2C0222}.Release|Any CPU.ActiveCfg = Release|Any CPU
		{E43559CA-2499-413F-8EC8-0B4C5F2C0222}.Release|Any CPU.Build.0 = Release|Any CPU
	EndGlobalSection
	GlobalSection(SolutionProperties) = preSolution
		HideSolutionNode = FALSE
	EndGlobalSection
	GlobalSection(NestedProjects) = preSolution
		{947EB2FC-5870-4180-9B1C-D3CC03DAB3C7} = {753EDCAA-CD6B-4447-997B-CB560591542C}
		{E43559CA-2499-413F-8EC8-0B4C5F2C0222} = {82F08F06-8514-4028-AF7A-20A7C49E8CCC}
	EndGlobalSection
	GlobalSection(ExtensibilityGlobals) = postSolution
		SolutionGuid = {8C7D77DD-92AB-4C32-ABD1-5E6C2F4363ED}
	EndGlobalSection
EndGlobal
